// !$*UTF8*$!
{
	archiveVersion = 1;
	classes = {
	};
	objectVersion = 56;
	objects = {

/* Begin PBXBuildFile section */
		24499C8B2D64F22C00429A00 /* XKCDApp.swift in Sources */ = {isa = PBXBuildFile; fileRef = 24499C8A2D64F22C00429A00 /* XKCDApp.swift */; };
		24499C8F2D64F22C00429A00 /* Assets.xcassets in Resources */ = {isa = PBXBuildFile; fileRef = 24499C8E2D64F22C00429A00 /* Assets.xcassets */; };
		24499C922D64F22C00429A00 /* Preview Assets.xcassets in Resources */ = {isa = PBXBuildFile; fileRef = 24499C912D64F22C00429A00 /* Preview Assets.xcassets */; };
		24499C9C2D64F22C00429A00 /* XKCDTests.swift in Sources */ = {isa = PBXBuildFile; fileRef = 24499C9B2D64F22C00429A00 /* XKCDTests.swift */; };
		24499CA62D64F22D00429A00 /* XKCDUITests.swift in Sources */ = {isa = PBXBuildFile; fileRef = 24499CA52D64F22D00429A00 /* XKCDUITests.swift */; };
		24499CA82D64F22D00429A00 /* XKCDUITestsLaunchTests.swift in Sources */ = {isa = PBXBuildFile; fileRef = 24499CA72D64F22D00429A00 /* XKCDUITestsLaunchTests.swift */; };
		24859D322D68BF7F0082D3E0 /* ComicView.swift in Sources */ = {isa = PBXBuildFile; fileRef = 24859D312D68BF7F0082D3E0 /* ComicView.swift */; };
		24859D342D68BF8E0082D3E0 /* ComicViewModel.swift in Sources */ = {isa = PBXBuildFile; fileRef = 24859D332D68BF8E0082D3E0 /* ComicViewModel.swift */; };
		24859D372D68BFBF0082D3E0 /* Comic.swift in Sources */ = {isa = PBXBuildFile; fileRef = 24859D362D68BFBF0082D3E0 /* Comic.swift */; };
		24859D3D2D68C03A0082D3E0 /* XKCDService.swift in Sources */ = {isa = PBXBuildFile; fileRef = 24859D3C2D68C03A0082D3E0 /* XKCDService.swift */; };
		24926D692D6A0848004482A5 /* ComicsNavigationView.swift in Sources */ = {isa = PBXBuildFile; fileRef = 24926D682D6A0848004482A5 /* ComicsNavigationView.swift */; };
		24926D6B2D6A085A004482A5 /* ComicsScrollViewModel.swift in Sources */ = {isa = PBXBuildFile; fileRef = 24926D6A2D6A085A004482A5 /* ComicsScrollViewModel.swift */; };
		24926D702D6B92DF004482A5 /* StorageService.swift in Sources */ = {isa = PBXBuildFile; fileRef = 24926D6F2D6B92DF004482A5 /* StorageService.swift */; };
		24926D722D6E1DF1004482A5 /* ServiceComic.swift in Sources */ = {isa = PBXBuildFile; fileRef = 24926D712D6E1DF1004482A5 /* ServiceComic.swift */; };
		24926D742D6E3B4D004482A5 /* XKCDSearchService.swift in Sources */ = {isa = PBXBuildFile; fileRef = 24926D732D6E3B4D004482A5 /* XKCDSearchService.swift */; };
		24926D772D6E3C0C004482A5 /* SwiftSoup in Frameworks */ = {isa = PBXBuildFile; productRef = 24926D762D6E3C0C004482A5 /* SwiftSoup */; };
/* End PBXBuildFile section */

/* Begin PBXContainerItemProxy section */
		24499C982D64F22C00429A00 /* PBXContainerItemProxy */ = {
			isa = PBXContainerItemProxy;
			containerPortal = 24499C7F2D64F22B00429A00 /* Project object */;
			proxyType = 1;
			remoteGlobalIDString = 24499C862D64F22C00429A00;
			remoteInfo = XKCD;
		};
		24499CA22D64F22D00429A00 /* PBXContainerItemProxy */ = {
			isa = PBXContainerItemProxy;
			containerPortal = 24499C7F2D64F22B00429A00 /* Project object */;
			proxyType = 1;
			remoteGlobalIDString = 24499C862D64F22C00429A00;
			remoteInfo = XKCD;
		};
/* End PBXContainerItemProxy section */

/* Begin PBXFileReference section */
		24499C872D64F22C00429A00 /* XKCD.app */ = {isa = PBXFileReference; explicitFileType = wrapper.application; includeInIndex = 0; path = XKCD.app; sourceTree = BUILT_PRODUCTS_DIR; };
		24499C8A2D64F22C00429A00 /* XKCDApp.swift */ = {isa = PBXFileReference; lastKnownFileType = sourcecode.swift; path = XKCDApp.swift; sourceTree = "<group>"; };
		24499C8E2D64F22C00429A00 /* Assets.xcassets */ = {isa = PBXFileReference; lastKnownFileType = folder.assetcatalog; path = Assets.xcassets; sourceTree = "<group>"; };
		24499C912D64F22C00429A00 /* Preview Assets.xcassets */ = {isa = PBXFileReference; lastKnownFileType = folder.assetcatalog; path = "Preview Assets.xcassets"; sourceTree = "<group>"; };
		24499C972D64F22C00429A00 /* XKCDTests.xctest */ = {isa = PBXFileReference; explicitFileType = wrapper.cfbundle; includeInIndex = 0; path = XKCDTests.xctest; sourceTree = BUILT_PRODUCTS_DIR; };
		24499C9B2D64F22C00429A00 /* XKCDTests.swift */ = {isa = PBXFileReference; lastKnownFileType = sourcecode.swift; path = XKCDTests.swift; sourceTree = "<group>"; };
		24499CA12D64F22D00429A00 /* XKCDUITests.xctest */ = {isa = PBXFileReference; explicitFileType = wrapper.cfbundle; includeInIndex = 0; path = XKCDUITests.xctest; sourceTree = BUILT_PRODUCTS_DIR; };
		24499CA52D64F22D00429A00 /* XKCDUITests.swift */ = {isa = PBXFileReference; lastKnownFileType = sourcecode.swift; path = XKCDUITests.swift; sourceTree = "<group>"; };
		24499CA72D64F22D00429A00 /* XKCDUITestsLaunchTests.swift */ = {isa = PBXFileReference; lastKnownFileType = sourcecode.swift; path = XKCDUITestsLaunchTests.swift; sourceTree = "<group>"; };
		24859D312D68BF7F0082D3E0 /* ComicView.swift */ = {isa = PBXFileReference; lastKnownFileType = sourcecode.swift; path = ComicView.swift; sourceTree = "<group>"; };
		24859D332D68BF8E0082D3E0 /* ComicViewModel.swift */ = {isa = PBXFileReference; lastKnownFileType = sourcecode.swift; path = ComicViewModel.swift; sourceTree = "<group>"; };
		24859D362D68BFBF0082D3E0 /* Comic.swift */ = {isa = PBXFileReference; lastKnownFileType = sourcecode.swift; path = Comic.swift; sourceTree = "<group>"; };
		24859D3C2D68C03A0082D3E0 /* XKCDService.swift */ = {isa = PBXFileReference; lastKnownFileType = sourcecode.swift; path = XKCDService.swift; sourceTree = "<group>"; };
		24926D682D6A0848004482A5 /* ComicsNavigationView.swift */ = {isa = PBXFileReference; lastKnownFileType = sourcecode.swift; path = ComicsNavigationView.swift; sourceTree = "<group>"; };
		24926D6A2D6A085A004482A5 /* ComicsScrollViewModel.swift */ = {isa = PBXFileReference; lastKnownFileType = sourcecode.swift; path = ComicsScrollViewModel.swift; sourceTree = "<group>"; };
		24926D6F2D6B92DF004482A5 /* StorageService.swift */ = {isa = PBXFileReference; lastKnownFileType = sourcecode.swift; path = StorageService.swift; sourceTree = "<group>"; };
		24926D712D6E1DF1004482A5 /* ServiceComic.swift */ = {isa = PBXFileReference; lastKnownFileType = sourcecode.swift; path = ServiceComic.swift; sourceTree = "<group>"; };
		24926D732D6E3B4D004482A5 /* XKCDSearchService.swift */ = {isa = PBXFileReference; lastKnownFileType = sourcecode.swift; path = XKCDSearchService.swift; sourceTree = "<group>"; };
/* End PBXFileReference section */

/* Begin PBXFrameworksBuildPhase section */
		24499C842D64F22C00429A00 /* Frameworks */ = {
			isa = PBXFrameworksBuildPhase;
			buildActionMask = 2147483647;
			files = (
				24926D772D6E3C0C004482A5 /* SwiftSoup in Frameworks */,
			);
			runOnlyForDeploymentPostprocessing = 0;
		};
		24499C942D64F22C00429A00 /* Frameworks */ = {
			isa = PBXFrameworksBuildPhase;
			buildActionMask = 2147483647;
			files = (
			);
			runOnlyForDeploymentPostprocessing = 0;
		};
		24499C9E2D64F22D00429A00 /* Frameworks */ = {
			isa = PBXFrameworksBuildPhase;
			buildActionMask = 2147483647;
			files = (
			);
			runOnlyForDeploymentPostprocessing = 0;
		};
/* End PBXFrameworksBuildPhase section */

/* Begin PBXGroup section */
		24499C7E2D64F22B00429A00 = {
			isa = PBXGroup;
			children = (
				24499C892D64F22C00429A00 /* XKCD */,
				24499C9A2D64F22C00429A00 /* XKCDTests */,
				24499CA42D64F22D00429A00 /* XKCDUITests */,
				24499C882D64F22C00429A00 /* Products */,
			);
			sourceTree = "<group>";
		};
		24499C882D64F22C00429A00 /* Products */ = {
			isa = PBXGroup;
			children = (
				24499C872D64F22C00429A00 /* XKCD.app */,
				24499C972D64F22C00429A00 /* XKCDTests.xctest */,
				24499CA12D64F22D00429A00 /* XKCDUITests.xctest */,
			);
			name = Products;
			sourceTree = "<group>";
		};
		24499C892D64F22C00429A00 /* XKCD */ = {
			isa = PBXGroup;
			children = (
				24859D3A2D68BFF00082D3E0 /* Resources */,
				24859D352D68BFB10082D3E0 /* Models */,
				24859D2E2D68BEC30082D3E0 /* Utils */,
				24859D2D2D68BEB00082D3E0 /* Services */,
				24859D2C2D68BE600082D3E0 /* Features */,
				24499C8A2D64F22C00429A00 /* XKCDApp.swift */,
			);
			path = XKCD;
			sourceTree = "<group>";
		};
		24499C9A2D64F22C00429A00 /* XKCDTests */ = {
			isa = PBXGroup;
			children = (
				24499C9B2D64F22C00429A00 /* XKCDTests.swift */,
			);
			path = XKCDTests;
			sourceTree = "<group>";
		};
		24499CA42D64F22D00429A00 /* XKCDUITests */ = {
			isa = PBXGroup;
			children = (
				24499CA52D64F22D00429A00 /* XKCDUITests.swift */,
				24499CA72D64F22D00429A00 /* XKCDUITestsLaunchTests.swift */,
			);
			path = XKCDUITests;
			sourceTree = "<group>";
		};
		24859D2C2D68BE600082D3E0 /* Features */ = {
			isa = PBXGroup;
			children = (
				24926D672D6A080F004482A5 /* ComicsScroll */,
				24859D2F2D68BF620082D3E0 /* Comic */,
			);
			path = Features;
			sourceTree = "<group>";
		};
		24859D2D2D68BEB00082D3E0 /* Services */ = {
			isa = PBXGroup;
			children = (
				24859D3C2D68C03A0082D3E0 /* XKCDService.swift */,
				24926D6F2D6B92DF004482A5 /* StorageService.swift */,
				24926D732D6E3B4D004482A5 /* XKCDSearchService.swift */,
			);
			path = Services;
			sourceTree = "<group>";
		};
		24859D2E2D68BEC30082D3E0 /* Utils */ = {
			isa = PBXGroup;
			children = (
			);
			path = Utils;
			sourceTree = "<group>";
		};
		24859D2F2D68BF620082D3E0 /* Comic */ = {
			isa = PBXGroup;
			children = (
				24859D312D68BF7F0082D3E0 /* ComicView.swift */,
				24859D332D68BF8E0082D3E0 /* ComicViewModel.swift */,
			);
			path = Comic;
			sourceTree = "<group>";
		};
		24859D352D68BFB10082D3E0 /* Models */ = {
			isa = PBXGroup;
			children = (
				24859D362D68BFBF0082D3E0 /* Comic.swift */,
				24926D712D6E1DF1004482A5 /* ServiceComic.swift */,
			);
			path = Models;
			sourceTree = "<group>";
		};
		24859D3A2D68BFF00082D3E0 /* Resources */ = {
			isa = PBXGroup;
			children = (
				24499C8E2D64F22C00429A00 /* Assets.xcassets */,
				24499C912D64F22C00429A00 /* Preview Assets.xcassets */,
			);
			path = Resources;
			sourceTree = "<group>";
		};
		24926D672D6A080F004482A5 /* ComicsScroll */ = {
			isa = PBXGroup;
			children = (
				24926D682D6A0848004482A5 /* ComicsNavigationView.swift */,
				24926D6A2D6A085A004482A5 /* ComicsScrollViewModel.swift */,
			);
			path = ComicsScroll;
			sourceTree = "<group>";
		};
/* End PBXGroup section */

/* Begin PBXNativeTarget section */
		24499C862D64F22C00429A00 /* XKCD */ = {
			isa = PBXNativeTarget;
			buildConfigurationList = 24499CAB2D64F22D00429A00 /* Build configuration list for PBXNativeTarget "XKCD" */;
			buildPhases = (
				24499C832D64F22C00429A00 /* Sources */,
				24499C842D64F22C00429A00 /* Frameworks */,
				24499C852D64F22C00429A00 /* Resources */,
			);
			buildRules = (
			);
			dependencies = (
			);
			name = XKCD;
			packageProductDependencies = (
				24926D762D6E3C0C004482A5 /* SwiftSoup */,
			);
			productName = XKCD;
			productReference = 24499C872D64F22C00429A00 /* XKCD.app */;
			productType = "com.apple.product-type.application";
		};
		24499C962D64F22C00429A00 /* XKCDTests */ = {
			isa = PBXNativeTarget;
			buildConfigurationList = 24499CAE2D64F22D00429A00 /* Build configuration list for PBXNativeTarget "XKCDTests" */;
			buildPhases = (
				24499C932D64F22C00429A00 /* Sources */,
				24499C942D64F22C00429A00 /* Frameworks */,
				24499C952D64F22C00429A00 /* Resources */,
			);
			buildRules = (
			);
			dependencies = (
				24499C992D64F22C00429A00 /* PBXTargetDependency */,
			);
			name = XKCDTests;
			productName = XKCDTests;
			productReference = 24499C972D64F22C00429A00 /* XKCDTests.xctest */;
			productType = "com.apple.product-type.bundle.unit-test";
		};
		24499CA02D64F22D00429A00 /* XKCDUITests */ = {
			isa = PBXNativeTarget;
			buildConfigurationList = 24499CB12D64F22D00429A00 /* Build configuration list for PBXNativeTarget "XKCDUITests" */;
			buildPhases = (
				24499C9D2D64F22D00429A00 /* Sources */,
				24499C9E2D64F22D00429A00 /* Frameworks */,
				24499C9F2D64F22D00429A00 /* Resources */,
			);
			buildRules = (
			);
			dependencies = (
				24499CA32D64F22D00429A00 /* PBXTargetDependency */,
			);
			name = XKCDUITests;
			productName = XKCDUITests;
			productReference = 24499CA12D64F22D00429A00 /* XKCDUITests.xctest */;
			productType = "com.apple.product-type.bundle.ui-testing";
		};
/* End PBXNativeTarget section */

/* Begin PBXProject section */
		24499C7F2D64F22B00429A00 /* Project object */ = {
			isa = PBXProject;
			attributes = {
				BuildIndependentTargetsInParallel = 1;
				LastSwiftUpdateCheck = 1510;
				LastUpgradeCheck = 1510;
				TargetAttributes = {
					24499C862D64F22C00429A00 = {
						CreatedOnToolsVersion = 15.1;
					};
					24499C962D64F22C00429A00 = {
						CreatedOnToolsVersion = 15.1;
						TestTargetID = 24499C862D64F22C00429A00;
					};
					24499CA02D64F22D00429A00 = {
						CreatedOnToolsVersion = 15.1;
						TestTargetID = 24499C862D64F22C00429A00;
					};
				};
			};
			buildConfigurationList = 24499C822D64F22B00429A00 /* Build configuration list for PBXProject "XKCD" */;
			compatibilityVersion = "Xcode 14.0";
			developmentRegion = en;
			hasScannedForEncodings = 0;
			knownRegions = (
				en,
				Base,
			);
			mainGroup = 24499C7E2D64F22B00429A00;
			packageReferences = (
				24926D752D6E3C0C004482A5 /* XCRemoteSwiftPackageReference "SwiftSoup" */,
			);
			productRefGroup = 24499C882D64F22C00429A00 /* Products */;
			projectDirPath = "";
			projectRoot = "";
			targets = (
				24499C862D64F22C00429A00 /* XKCD */,
				24499C962D64F22C00429A00 /* XKCDTests */,
				24499CA02D64F22D00429A00 /* XKCDUITests */,
			);
		};
/* End PBXProject section */

/* Begin PBXResourcesBuildPhase section */
		24499C852D64F22C00429A00 /* Resources */ = {
			isa = PBXResourcesBuildPhase;
			buildActionMask = 2147483647;
			files = (
				24499C922D64F22C00429A00 /* Preview Assets.xcassets in Resources */,
				24499C8F2D64F22C00429A00 /* Assets.xcassets in Resources */,
			);
			runOnlyForDeploymentPostprocessing = 0;
		};
		24499C952D64F22C00429A00 /* Resources */ = {
			isa = PBXResourcesBuildPhase;
			buildActionMask = 2147483647;
			files = (
			);
			runOnlyForDeploymentPostprocessing = 0;
		};
		24499C9F2D64F22D00429A00 /* Resources */ = {
			isa = PBXResourcesBuildPhase;
			buildActionMask = 2147483647;
			files = (
			);
			runOnlyForDeploymentPostprocessing = 0;
		};
/* End PBXResourcesBuildPhase section */

/* Begin PBXSourcesBuildPhase section */
		24499C832D64F22C00429A00 /* Sources */ = {
			isa = PBXSourcesBuildPhase;
			buildActionMask = 2147483647;
			files = (
				24859D322D68BF7F0082D3E0 /* ComicView.swift in Sources */,
				24926D742D6E3B4D004482A5 /* XKCDSearchService.swift in Sources */,
				24926D722D6E1DF1004482A5 /* ServiceComic.swift in Sources */,
				24859D372D68BFBF0082D3E0 /* Comic.swift in Sources */,
				24926D6B2D6A085A004482A5 /* ComicsScrollViewModel.swift in Sources */,
				24859D342D68BF8E0082D3E0 /* ComicViewModel.swift in Sources */,
				24859D3D2D68C03A0082D3E0 /* XKCDService.swift in Sources */,
				24926D702D6B92DF004482A5 /* StorageService.swift in Sources */,
				24926D692D6A0848004482A5 /* ComicsNavigationView.swift in Sources */,
				24499C8B2D64F22C00429A00 /* XKCDApp.swift in Sources */,
			);
			runOnlyForDeploymentPostprocessing = 0;
		};
		24499C932D64F22C00429A00 /* Sources */ = {
			isa = PBXSourcesBuildPhase;
			buildActionMask = 2147483647;
			files = (
				24499C9C2D64F22C00429A00 /* XKCDTests.swift in Sources */,
			);
			runOnlyForDeploymentPostprocessing = 0;
		};
		24499C9D2D64F22D00429A00 /* Sources */ = {
			isa = PBXSourcesBuildPhase;
			buildActionMask = 2147483647;
			files = (
				24499CA82D64F22D00429A00 /* XKCDUITestsLaunchTests.swift in Sources */,
				24499CA62D64F22D00429A00 /* XKCDUITests.swift in Sources */,
			);
			runOnlyForDeploymentPostprocessing = 0;
		};
/* End PBXSourcesBuildPhase section */

/* Begin PBXTargetDependency section */
		24499C992D64F22C00429A00 /* PBXTargetDependency */ = {
			isa = PBXTargetDependency;
			target = 24499C862D64F22C00429A00 /* XKCD */;
			targetProxy = 24499C982D64F22C00429A00 /* PBXContainerItemProxy */;
		};
		24499CA32D64F22D00429A00 /* PBXTargetDependency */ = {
			isa = PBXTargetDependency;
			target = 24499C862D64F22C00429A00 /* XKCD */;
			targetProxy = 24499CA22D64F22D00429A00 /* PBXContainerItemProxy */;
		};
/* End PBXTargetDependency section */

/* Begin XCBuildConfiguration section */
		24499CA92D64F22D00429A00 /* Debug */ = {
			isa = XCBuildConfiguration;
			buildSettings = {
				ALWAYS_SEARCH_USER_PATHS = NO;
				ASSETCATALOG_COMPILER_GENERATE_SWIFT_ASSET_SYMBOL_EXTENSIONS = YES;
				CLANG_ANALYZER_NONNULL = YES;
				CLANG_ANALYZER_NUMBER_OBJECT_CONVERSION = YES_AGGRESSIVE;
				CLANG_CXX_LANGUAGE_STANDARD = "gnu++20";
				CLANG_ENABLE_MODULES = YES;
				CLANG_ENABLE_OBJC_ARC = YES;
				CLANG_ENABLE_OBJC_WEAK = YES;
				CLANG_WARN_BLOCK_CAPTURE_AUTORELEASING = YES;
				CLANG_WARN_BOOL_CONVERSION = YES;
				CLANG_WARN_COMMA = YES;
				CLANG_WARN_CONSTANT_CONVERSION = YES;
				CLANG_WARN_DEPRECATED_OBJC_IMPLEMENTATIONS = YES;
				CLANG_WARN_DIRECT_OBJC_ISA_USAGE = YES_ERROR;
				CLANG_WARN_DOCUMENTATION_COMMENTS = YES;
				CLANG_WARN_EMPTY_BODY = YES;
				CLANG_WARN_ENUM_CONVERSION = YES;
				CLANG_WARN_INFINITE_RECURSION = YES;
				CLANG_WARN_INT_CONVERSION = YES;
				CLANG_WARN_NON_LITERAL_NULL_CONVERSION = YES;
				CLANG_WARN_OBJC_IMPLICIT_RETAIN_SELF = YES;
				CLANG_WARN_OBJC_LITERAL_CONVERSION = YES;
				CLANG_WARN_OBJC_ROOT_CLASS = YES_ERROR;
				CLANG_WARN_QUOTED_INCLUDE_IN_FRAMEWORK_HEADER = YES;
				CLANG_WARN_RANGE_LOOP_ANALYSIS = YES;
				CLANG_WARN_STRICT_PROTOTYPES = YES;
				CLANG_WARN_SUSPICIOUS_MOVE = YES;
				CLANG_WARN_UNGUARDED_AVAILABILITY = YES_AGGRESSIVE;
				CLANG_WARN_UNREACHABLE_CODE = YES;
				CLANG_WARN__DUPLICATE_METHOD_MATCH = YES;
				COPY_PHASE_STRIP = NO;
				DEBUG_INFORMATION_FORMAT = dwarf;
				ENABLE_STRICT_OBJC_MSGSEND = YES;
				ENABLE_TESTABILITY = YES;
				ENABLE_USER_SCRIPT_SANDBOXING = YES;
				GCC_C_LANGUAGE_STANDARD = gnu17;
				GCC_DYNAMIC_NO_PIC = NO;
				GCC_NO_COMMON_BLOCKS = YES;
				GCC_OPTIMIZATION_LEVEL = 0;
				GCC_PREPROCESSOR_DEFINITIONS = (
					"DEBUG=1",
					"$(inherited)",
				);
				GCC_WARN_64_TO_32_BIT_CONVERSION = YES;
				GCC_WARN_ABOUT_RETURN_TYPE = YES_ERROR;
				GCC_WARN_UNDECLARED_SELECTOR = YES;
				GCC_WARN_UNINITIALIZED_AUTOS = YES_AGGRESSIVE;
				GCC_WARN_UNUSED_FUNCTION = YES;
				GCC_WARN_UNUSED_VARIABLE = YES;
				IPHONEOS_DEPLOYMENT_TARGET = 17.2;
				LOCALIZATION_PREFERS_STRING_CATALOGS = YES;
				MTL_ENABLE_DEBUG_INFO = INCLUDE_SOURCE;
				MTL_FAST_MATH = YES;
				ONLY_ACTIVE_ARCH = YES;
				SDKROOT = iphoneos;
				SWIFT_ACTIVE_COMPILATION_CONDITIONS = "DEBUG $(inherited)";
				SWIFT_OPTIMIZATION_LEVEL = "-Onone";
			};
			name = Debug;
		};
		24499CAA2D64F22D00429A00 /* Release */ = {
			isa = XCBuildConfiguration;
			buildSettings = {
				ALWAYS_SEARCH_USER_PATHS = NO;
				ASSETCATALOG_COMPILER_GENERATE_SWIFT_ASSET_SYMBOL_EXTENSIONS = YES;
				CLANG_ANALYZER_NONNULL = YES;
				CLANG_ANALYZER_NUMBER_OBJECT_CONVERSION = YES_AGGRESSIVE;
				CLANG_CXX_LANGUAGE_STANDARD = "gnu++20";
				CLANG_ENABLE_MODULES = YES;
				CLANG_ENABLE_OBJC_ARC = YES;
				CLANG_ENABLE_OBJC_WEAK = YES;
				CLANG_WARN_BLOCK_CAPTURE_AUTORELEASING = YES;
				CLANG_WARN_BOOL_CONVERSION = YES;
				CLANG_WARN_COMMA = YES;
				CLANG_WARN_CONSTANT_CONVERSION = YES;
				CLANG_WARN_DEPRECATED_OBJC_IMPLEMENTATIONS = YES;
				CLANG_WARN_DIRECT_OBJC_ISA_USAGE = YES_ERROR;
				CLANG_WARN_DOCUMENTATION_COMMENTS = YES;
				CLANG_WARN_EMPTY_BODY = YES;
				CLANG_WARN_ENUM_CONVERSION = YES;
				CLANG_WARN_INFINITE_RECURSION = YES;
				CLANG_WARN_INT_CONVERSION = YES;
				CLANG_WARN_NON_LITERAL_NULL_CONVERSION = YES;
				CLANG_WARN_OBJC_IMPLICIT_RETAIN_SELF = YES;
				CLANG_WARN_OBJC_LITERAL_CONVERSION = YES;
				CLANG_WARN_OBJC_ROOT_CLASS = YES_ERROR;
				CLANG_WARN_QUOTED_INCLUDE_IN_FRAMEWORK_HEADER = YES;
				CLANG_WARN_RANGE_LOOP_ANALYSIS = YES;
				CLANG_WARN_STRICT_PROTOTYPES = YES;
				CLANG_WARN_SUSPICIOUS_MOVE = YES;
				CLANG_WARN_UNGUARDED_AVAILABILITY = YES_AGGRESSIVE;
				CLANG_WARN_UNREACHABLE_CODE = YES;
				CLANG_WARN__DUPLICATE_METHOD_MATCH = YES;
				COPY_PHASE_STRIP = NO;
				DEBUG_INFORMATION_FORMAT = "dwarf-with-dsym";
				ENABLE_NS_ASSERTIONS = NO;
				ENABLE_STRICT_OBJC_MSGSEND = YES;
				ENABLE_USER_SCRIPT_SANDBOXING = YES;
				GCC_C_LANGUAGE_STANDARD = gnu17;
				GCC_NO_COMMON_BLOCKS = YES;
				GCC_WARN_64_TO_32_BIT_CONVERSION = YES;
				GCC_WARN_ABOUT_RETURN_TYPE = YES_ERROR;
				GCC_WARN_UNDECLARED_SELECTOR = YES;
				GCC_WARN_UNINITIALIZED_AUTOS = YES_AGGRESSIVE;
				GCC_WARN_UNUSED_FUNCTION = YES;
				GCC_WARN_UNUSED_VARIABLE = YES;
				IPHONEOS_DEPLOYMENT_TARGET = 17.2;
				LOCALIZATION_PREFERS_STRING_CATALOGS = YES;
				MTL_ENABLE_DEBUG_INFO = NO;
				MTL_FAST_MATH = YES;
				SDKROOT = iphoneos;
				SWIFT_COMPILATION_MODE = wholemodule;
				VALIDATE_PRODUCT = YES;
			};
			name = Release;
		};
		24499CAC2D64F22D00429A00 /* Debug */ = {
			isa = XCBuildConfiguration;
			buildSettings = {
				ASSETCATALOG_COMPILER_APPICON_NAME = AppIcon;
				ASSETCATALOG_COMPILER_GLOBAL_ACCENT_COLOR_NAME = AccentColor;
				CODE_SIGN_STYLE = Automatic;
				CURRENT_PROJECT_VERSION = 1;
				DEVELOPMENT_ASSET_PATHS = "";
				DEVELOPMENT_TEAM = 9A7AC828HW;
				ENABLE_PREVIEWS = YES;
				GENERATE_INFOPLIST_FILE = YES;
				INFOPLIST_KEY_UIApplicationSceneManifest_Generation = YES;
				INFOPLIST_KEY_UIApplicationSupportsIndirectInputEvents = YES;
				INFOPLIST_KEY_UILaunchScreen_Generation = YES;
				INFOPLIST_KEY_UISupportedInterfaceOrientations_iPad = "UIInterfaceOrientationPortrait UIInterfaceOrientationPortraitUpsideDown UIInterfaceOrientationLandscapeLeft UIInterfaceOrientationLandscapeRight";
				INFOPLIST_KEY_UISupportedInterfaceOrientations_iPhone = "UIInterfaceOrientationPortrait UIInterfaceOrientationLandscapeLeft UIInterfaceOrientationLandscapeRight";
				LD_RUNPATH_SEARCH_PATHS = (
					"$(inherited)",
					"@executable_path/Frameworks",
				);
				MARKETING_VERSION = 1.0;
				PRODUCT_BUNDLE_IDENTIFIER = sampleApp.XKCD;
				PRODUCT_NAME = "$(TARGET_NAME)";
				SWIFT_EMIT_LOC_STRINGS = YES;
				SWIFT_VERSION = 5.0;
				TARGETED_DEVICE_FAMILY = "1,2";
			};
			name = Debug;
		};
		24499CAD2D64F22D00429A00 /* Release */ = {
			isa = XCBuildConfiguration;
			buildSettings = {
				ASSETCATALOG_COMPILER_APPICON_NAME = AppIcon;
				ASSETCATALOG_COMPILER_GLOBAL_ACCENT_COLOR_NAME = AccentColor;
				CODE_SIGN_STYLE = Automatic;
				CURRENT_PROJECT_VERSION = 1;
				DEVELOPMENT_ASSET_PATHS = "";
				DEVELOPMENT_TEAM = 9A7AC828HW;
				ENABLE_PREVIEWS = YES;
				GENERATE_INFOPLIST_FILE = YES;
				INFOPLIST_KEY_UIApplicationSceneManifest_Generation = YES;
				INFOPLIST_KEY_UIApplicationSupportsIndirectInputEvents = YES;
				INFOPLIST_KEY_UILaunchScreen_Generation = YES;
				INFOPLIST_KEY_UISupportedInterfaceOrientations_iPad = "UIInterfaceOrientationPortrait UIInterfaceOrientationPortraitUpsideDown UIInterfaceOrientationLandscapeLeft UIInterfaceOrientationLandscapeRight";
				INFOPLIST_KEY_UISupportedInterfaceOrientations_iPhone = "UIInterfaceOrientationPortrait UIInterfaceOrientationLandscapeLeft UIInterfaceOrientationLandscapeRight";
				LD_RUNPATH_SEARCH_PATHS = (
					"$(inherited)",
					"@executable_path/Frameworks",
				);
				MARKETING_VERSION = 1.0;
				PRODUCT_BUNDLE_IDENTIFIER = sampleApp.XKCD;
				PRODUCT_NAME = "$(TARGET_NAME)";
				SWIFT_EMIT_LOC_STRINGS = YES;
				SWIFT_VERSION = 5.0;
				TARGETED_DEVICE_FAMILY = "1,2";
			};
			name = Release;
		};
		24499CAF2D64F22D00429A00 /* Debug */ = {
			isa = XCBuildConfiguration;
			buildSettings = {
				ALWAYS_EMBED_SWIFT_STANDARD_LIBRARIES = YES;
				BUNDLE_LOADER = "$(TEST_HOST)";
				CODE_SIGN_STYLE = Automatic;
				CURRENT_PROJECT_VERSION = 1;
				DEVELOPMENT_TEAM = 9A7AC828HW;
				GENERATE_INFOPLIST_FILE = YES;
				IPHONEOS_DEPLOYMENT_TARGET = 17.2;
				MARKETING_VERSION = 1.0;
				PRODUCT_BUNDLE_IDENTIFIER = sampleApp.XKCDTests;
				PRODUCT_NAME = "$(TARGET_NAME)";
				SWIFT_EMIT_LOC_STRINGS = NO;
				SWIFT_VERSION = 5.0;
				TARGETED_DEVICE_FAMILY = "1,2";
				TEST_HOST = "$(BUILT_PRODUCTS_DIR)/XKCD.app/$(BUNDLE_EXECUTABLE_FOLDER_PATH)/XKCD";
			};
			name = Debug;
		};
		24499CB02D64F22D00429A00 /* Release */ = {
			isa = XCBuildConfiguration;
			buildSettings = {
				ALWAYS_EMBED_SWIFT_STANDARD_LIBRARIES = YES;
				BUNDLE_LOADER = "$(TEST_HOST)";
				CODE_SIGN_STYLE = Automatic;
				CURRENT_PROJECT_VERSION = 1;
				DEVELOPMENT_TEAM = 9A7AC828HW;
				GENERATE_INFOPLIST_FILE = YES;
				IPHONEOS_DEPLOYMENT_TARGET = 17.2;
				MARKETING_VERSION = 1.0;
				PRODUCT_BUNDLE_IDENTIFIER = sampleApp.XKCDTests;
				PRODUCT_NAME = "$(TARGET_NAME)";
				SWIFT_EMIT_LOC_STRINGS = NO;
				SWIFT_VERSION = 5.0;
				TARGETED_DEVICE_FAMILY = "1,2";
				TEST_HOST = "$(BUILT_PRODUCTS_DIR)/XKCD.app/$(BUNDLE_EXECUTABLE_FOLDER_PATH)/XKCD";
			};
			name = Release;
		};
		24499CB22D64F22D00429A00 /* Debug */ = {
			isa = XCBuildConfiguration;
			buildSettings = {
				ALWAYS_EMBED_SWIFT_STANDARD_LIBRARIES = YES;
				CODE_SIGN_STYLE = Automatic;
				CURRENT_PROJECT_VERSION = 1;
				DEVELOPMENT_TEAM = 9A7AC828HW;
				GENERATE_INFOPLIST_FILE = YES;
				MARKETING_VERSION = 1.0;
				PRODUCT_BUNDLE_IDENTIFIER = sampleApp.XKCDUITests;
				PRODUCT_NAME = "$(TARGET_NAME)";
				SWIFT_EMIT_LOC_STRINGS = NO;
				SWIFT_VERSION = 5.0;
				TARGETED_DEVICE_FAMILY = "1,2";
				TEST_TARGET_NAME = XKCD;
			};
			name = Debug;
		};
		24499CB32D64F22D00429A00 /* Release */ = {
			isa = XCBuildConfiguration;
			buildSettings = {
				ALWAYS_EMBED_SWIFT_STANDARD_LIBRARIES = YES;
				CODE_SIGN_STYLE = Automatic;
				CURRENT_PROJECT_VERSION = 1;
				DEVELOPMENT_TEAM = 9A7AC828HW;
				GENERATE_INFOPLIST_FILE = YES;
				MARKETING_VERSION = 1.0;
				PRODUCT_BUNDLE_IDENTIFIER = sampleApp.XKCDUITests;
				PRODUCT_NAME = "$(TARGET_NAME)";
				SWIFT_EMIT_LOC_STRINGS = NO;
				SWIFT_VERSION = 5.0;
				TARGETED_DEVICE_FAMILY = "1,2";
				TEST_TARGET_NAME = XKCD;
			};
			name = Release;
		};
/* End XCBuildConfiguration section */

/* Begin XCConfigurationList section */
		24499C822D64F22B00429A00 /* Build configuration list for PBXProject "XKCD" */ = {
			isa = XCConfigurationList;
			buildConfigurations = (
				24499CA92D64F22D00429A00 /* Debug */,
				24499CAA2D64F22D00429A00 /* Release */,
			);
			defaultConfigurationIsVisible = 0;
			defaultConfigurationName = Release;
		};
		24499CAB2D64F22D00429A00 /* Build configuration list for PBXNativeTarget "XKCD" */ = {
			isa = XCConfigurationList;
			buildConfigurations = (
				24499CAC2D64F22D00429A00 /* Debug */,
				24499CAD2D64F22D00429A00 /* Release */,
			);
			defaultConfigurationIsVisible = 0;
			defaultConfigurationName = Release;
		};
		24499CAE2D64F22D00429A00 /* Build configuration list for PBXNativeTarget "XKCDTests" */ = {
			isa = XCConfigurationList;
			buildConfigurations = (
				24499CAF2D64F22D00429A00 /* Debug */,
				24499CB02D64F22D00429A00 /* Release */,
			);
			defaultConfigurationIsVisible = 0;
			defaultConfigurationName = Release;
		};
		24499CB12D64F22D00429A00 /* Build configuration list for PBXNativeTarget "XKCDUITests" */ = {
			isa = XCConfigurationList;
			buildConfigurations = (
				24499CB22D64F22D00429A00 /* Debug */,
				24499CB32D64F22D00429A00 /* Release */,
			);
			defaultConfigurationIsVisible = 0;
			defaultConfigurationName = Release;
		};
/* End XCConfigurationList section */

/* Begin XCRemoteSwiftPackageReference section */
		24926D752D6E3C0C004482A5 /* XCRemoteSwiftPackageReference "SwiftSoup" */ = {
			isa = XCRemoteSwiftPackageReference;
			repositoryURL = "https://github.com/scinfu/SwiftSoup.git";
			requirement = {
				kind = upToNextMajorVersion;
				minimumVersion = 2.8.0;
			};
		};
/* End XCRemoteSwiftPackageReference section */

/* Begin XCSwiftPackageProductDependency section */
		24926D762D6E3C0C004482A5 /* SwiftSoup */ = {
			isa = XCSwiftPackageProductDependency;
			package = 24926D752D6E3C0C004482A5 /* XCRemoteSwiftPackageReference "SwiftSoup" */;
			productName = SwiftSoup;
		};
/* End XCSwiftPackageProductDependency section */
	};
	rootObject = 24499C7F2D64F22B00429A00 /* Project object */;
}
